
Microsoft Visual Studio Solution File, Format Version 12.00
# Visual Studio Version 17
VisualStudioVersion = 17.2.32616.157
MinimumVisualStudioVersion = 10.0.40219.1
Project("{FAE04EC0-301F-11D3-BF4B-00C04F79EFBC}") = "MethodOverriding", "MethodOverriding\MethodOverriding.csproj", "{FECB9070-69FA-415E-8BCB-856D641F1AAE}"
EndProject
Global
	GlobalSection(SolutionConfigurationPlatforms) = preSolution
		Debug|Any CPU = Debug|Any CPU
		Release|Any CPU = Release|Any CPU
	EndGlobalSection
	GlobalSection(ProjectConfigurationPlatforms) = postSolution
		{FECB9070-69FA-415E-8BCB-856D641F1AAE}.Debug|Any CPU.ActiveCfg = Debug|Any CPU
		{FECB9070-69FA-415E-8BCB-856D641F1AAE}.Debug|Any CPU.Build.0 = Debug|Any CPU
		{FECB9070-69FA-415E-8BCB-856D641F1AAE}.Release|Any CPU.ActiveCfg = Release|Any CPU
		{FECB9070-69FA-415E-8BCB-856D641F1AAE}.Release|Any CPU.Build.0 = Release|Any CPU
	EndGlobalSection
	GlobalSection(SolutionProperties) = preSolution
		HideSolutionNode = FALSE
	EndGlobalSection
	GlobalSection(ExtensibilityGlobals) = postSolution
		SolutionGuid = {0961887B-14BF-4E66-975A-BD31984C241E}
	EndGlobalSection
EndGlobal
